# generated by rye
# use `rye lock` or `rye sync` to update this lockfile
#
# last locked with the following flags:
#   pre: false
#   features: []
#   all-features: false
#   with-sources: false
#   generate-hashes: false
#   universal: false

-e file:.
mypy==1.18.2
mypy-extensions==1.1.0
    # via mypy
pathspec==0.12.1
    # via mypy
python-dotenv==1.2.1
    # via l2speech-ree-group-proj
ruff==0.14.6
typing-extensions==4.15.0
    # via mypy
